
Microsoft Visual Studio Solution File, Format Version 12.00
# Visual Studio Version 17
VisualStudioVersion = 17.5.33414.496
MinimumVisualStudioVersion = 10.0.40219.1
Project("{FAE04EC0-301F-11D3-BF4B-00C04F79EFBC}") = "HW4", "HW4\HW4.csproj", "{D6F80F24-F7EC-44A7-BD9E-4DE79DD3586F}"
EndProject
Global
	GlobalSection(SolutionConfigurationPlatforms) = preSolution
		Debug|Any CPU = Debug|Any CPU
		Release|Any CPU = Release|Any CPU
	EndGlobalSection
	GlobalSection(ProjectConfigurationPlatforms) = postSolution
		{D6F80F24-F7EC-44A7-BD9E-4DE79DD3586F}.Debug|Any CPU.ActiveCfg = Debug|Any CPU
		{D6F80F24-F7EC-44A7-BD9E-4DE79DD3586F}.Debug|Any CPU.Build.0 = Debug|Any CPU
		{D6F80F24-F7EC-44A7-BD9E-4DE79DD3586F}.Release|Any CPU.ActiveCfg = Release|Any CPU
		{D6F80F24-F7EC-44A7-BD9E-4DE79DD3586F}.Release|Any CPU.Build.0 = Release|Any CPU
	EndGlobalSection
	GlobalSection(SolutionProperties) = preSolution
		HideSolutionNode = FALSE
	EndGlobalSection
	GlobalSection(ExtensibilityGlobals) = postSolution
		SolutionGuid = {2407AE31-0EF3-4BEE-9BD5-C8AA5F40573A}
	EndGlobalSection
EndGlobal
